{
  "name": "geoserver",
  "version": "1.0.0",
  "lockfileVersion": 3,
  "requires": true,
  "packages": {
    "": {
      "name": "geoserver",
      "version": "1.0.0",
      "license": "ISC",
      "dependencies": {
        "proj4": "^2.12.1"
      }
    },
    "node_modules/mgrs": {
      "version": "1.0.0",
      "resolved": "https://registry.npmjs.org/mgrs/-/mgrs-1.0.0.tgz",
      "integrity": "sha512-awNbTOqCxK1DBGjalK3xqWIstBZgN6fxsMSiXLs9/spqWkF2pAhb2rrYCFSsr1/tT7PhcDGjZndG8SWYn0byYA==",
      "license": "MIT"
    },
    "node_modules/proj4": {
      "version": "2.12.1",
      "resolved": "https://registry.npmjs.org/proj4/-/proj4-2.12.1.tgz",
      "integrity": "sha512-vmhP3hmstjXjzFwg8QXJwpoj4n7GVrXk3ZW3DzNK/Ur4cuwXq7ZiMXaWYvLYLQbX8n4MXgbwTr4lthOUZltBpA==",
      "license": "MIT",
      "dependencies": {
        "mgrs": "1.0.0",
        "wkt-parser": "^1.3.3"
      }
    },
    "node_modules/wkt-parser": {
      "version": "1.3.3",
      "resolved": "https://registry.npmjs.org/wkt-parser/-/wkt-parser-1.3.3.tgz",
      "integrity": "sha512-ZnV3yH8/k58ZPACOXeiHaMuXIiaTk1t0hSUVisbO0t4RjA5wPpUytcxeyiN2h+LZRrmuHIh/1UlrR9e7DHDvTw==",
      "license": "MIT"
    }
  }
}
